
Microsoft Visual Studio Solution File, Format Version 12.00
# Visual Studio Version 17
VisualStudioVersion = 17.6.33829.357
MinimumVisualStudioVersion = 10.0.40219.1
Project("{FAE04EC0-301F-11D3-BF4B-00C04F79EFBC}") = "Finalizers__16", "Finalizers__16\Finalizers__16.csproj", "{B25BB933-0AF5-4506-A935-F897AB2B2798}"
EndProject
Global
	GlobalSection(SolutionConfigurationPlatforms) = preSolution
		Debug|Any CPU = Debug|Any CPU
		Release|Any CPU = Release|Any CPU
	EndGlobalSection
	GlobalSection(ProjectConfigurationPlatforms) = postSolution
		{B25BB933-0AF5-4506-A935-F897AB2B2798}.Debug|Any CPU.ActiveCfg = Debug|Any CPU
		{B25BB933-0AF5-4506-A935-F897AB2B2798}.Debug|Any CPU.Build.0 = Debug|Any CPU
		{B25BB933-0AF5-4506-A935-F897AB2B2798}.Release|Any CPU.ActiveCfg = Release|Any CPU
		{B25BB933-0AF5-4506-A935-F897AB2B2798}.Release|Any CPU.Build.0 = Release|Any CPU
	EndGlobalSection
	GlobalSection(SolutionProperties) = preSolution
		HideSolutionNode = FALSE
	EndGlobalSection
	GlobalSection(ExtensibilityGlobals) = postSolution
		SolutionGuid = {D97678C0-58A7-40A3-BC35-55E3E99CE488}
	EndGlobalSection
EndGlobal
