
Microsoft Visual Studio Solution File, Format Version 12.00
# Visual Studio Version 17
VisualStudioVersion = 17.6.33829.357
MinimumVisualStudioVersion = 10.0.40219.1
Project("{FAE04EC0-301F-11D3-BF4B-00C04F79EFBC}") = "Events__014", "Events__014\Events__014.csproj", "{C181C182-77C6-4AD6-A2FB-CDDB0DDDF848}"
EndProject
Global
	GlobalSection(SolutionConfigurationPlatforms) = preSolution
		Debug|Any CPU = Debug|Any CPU
		Release|Any CPU = Release|Any CPU
	EndGlobalSection
	GlobalSection(ProjectConfigurationPlatforms) = postSolution
		{C181C182-77C6-4AD6-A2FB-CDDB0DDDF848}.Debug|Any CPU.ActiveCfg = Debug|Any CPU
		{C181C182-77C6-4AD6-A2FB-CDDB0DDDF848}.Debug|Any CPU.Build.0 = Debug|Any CPU
		{C181C182-77C6-4AD6-A2FB-CDDB0DDDF848}.Release|Any CPU.ActiveCfg = Release|Any CPU
		{C181C182-77C6-4AD6-A2FB-CDDB0DDDF848}.Release|Any CPU.Build.0 = Release|Any CPU
	EndGlobalSection
	GlobalSection(SolutionProperties) = preSolution
		HideSolutionNode = FALSE
	EndGlobalSection
	GlobalSection(ExtensibilityGlobals) = postSolution
		SolutionGuid = {E468A6A3-8C96-44A9-B7AB-7EC11EE48B5F}
	EndGlobalSection
EndGlobal
